
Microsoft Visual Studio Solution File, Format Version 12.00
# Visual Studio Version 17
VisualStudioVersion = 17.1.32228.430
MinimumVisualStudioVersion = 10.0.40219.1
Project("{9A19103F-16F7-4668-BE54-9A1E7A4F7556}") = "BreweryProject", "BlazorApp1\BreweryProject.csproj", "{9D8FB8B6-3B47-4CD6-B4C6-7E088BE68E65}"
EndProject
Project("{9A19103F-16F7-4668-BE54-9A1E7A4F7556}") = "BreweryProjectTests", "BreweryProjectTests\BreweryProjectTests.csproj", "{A8389EA3-9CCA-4C10-9653-21280B3A9BFE}"
EndProject
Global
	GlobalSection(SolutionConfigurationPlatforms) = preSolution
		Debug|Any CPU = Debug|Any CPU
		Release|Any CPU = Release|Any CPU
	EndGlobalSection
	GlobalSection(ProjectConfigurationPlatforms) = postSolution
		{9D8FB8B6-3B47-4CD6-B4C6-7E088BE68E65}.Debug|Any CPU.ActiveCfg = Debug|Any CPU
		{9D8FB8B6-3B47-4CD6-B4C6-7E088BE68E65}.Debug|Any CPU.Build.0 = Debug|Any CPU
		{9D8FB8B6-3B47-4CD6-B4C6-7E088BE68E65}.Release|Any CPU.ActiveCfg = Release|Any CPU
		{9D8FB8B6-3B47-4CD6-B4C6-7E088BE68E65}.Release|Any CPU.Build.0 = Release|Any CPU
		{A8389EA3-9CCA-4C10-9653-21280B3A9BFE}.Debug|Any CPU.ActiveCfg = Debug|Any CPU
		{A8389EA3-9CCA-4C10-9653-21280B3A9BFE}.Debug|Any CPU.Build.0 = Debug|Any CPU
		{A8389EA3-9CCA-4C10-9653-21280B3A9BFE}.Release|Any CPU.ActiveCfg = Release|Any CPU
		{A8389EA3-9CCA-4C10-9653-21280B3A9BFE}.Release|Any CPU.Build.0 = Release|Any CPU
	EndGlobalSection
	GlobalSection(SolutionProperties) = preSolution
		HideSolutionNode = FALSE
	EndGlobalSection
	GlobalSection(ExtensibilityGlobals) = postSolution
		SolutionGuid = {28683ED2-7F12-4457-BB5F-A84EC0A96785}
	EndGlobalSection
EndGlobal
